
Microsoft Visual Studio Solution File, Format Version 12.00
# Visual Studio 15
VisualStudioVersion = 15.0.26730.15
MinimumVisualStudioVersion = 10.0.40219.1
Project("{FAE04EC0-301F-11D3-BF4B-00C04F79EFBC}") = "SimpleConsumer", "SimpleConsumer\SimpleConsumer.csproj", "{C091F607-B073-41CF-972D-B0B402CCC2BC}"
EndProject
Global
	GlobalSection(SolutionConfigurationPlatforms) = preSolution
		Debug|Any CPU = Debug|Any CPU
		Release|Any CPU = Release|Any CPU
	EndGlobalSection
	GlobalSection(ProjectConfigurationPlatforms) = postSolution
		{C091F607-B073-41CF-972D-B0B402CCC2BC}.Debug|Any CPU.ActiveCfg = Debug|Any CPU
		{C091F607-B073-41CF-972D-B0B402CCC2BC}.Debug|Any CPU.Build.0 = Debug|Any CPU
		{C091F607-B073-41CF-972D-B0B402CCC2BC}.Release|Any CPU.ActiveCfg = Release|Any CPU
		{C091F607-B073-41CF-972D-B0B402CCC2BC}.Release|Any CPU.Build.0 = Release|Any CPU
	EndGlobalSection
	GlobalSection(SolutionProperties) = preSolution
		HideSolutionNode = FALSE
	EndGlobalSection
	GlobalSection(ExtensibilityGlobals) = postSolution
		SolutionGuid = {78D1B7DC-6A76-453B-88A0-76E89BB66125}
	EndGlobalSection
EndGlobal
